
Microsoft Visual Studio Solution File, Format Version 12.00
# Visual Studio Version 17
VisualStudioVersion = 17.0.31808.319
MinimumVisualStudioVersion = 10.0.40219.1
Project("{2150E333-8FDC-42A3-9474-1A3956D46DE8}") = "src", "src", "{8737E16E-E4BD-4BF0-9C89-9E206DDD46FD}"
EndProject
Project("{2150E333-8FDC-42A3-9474-1A3956D46DE8}") = "Domain", "Domain", "{A972EC01-DDB1-4817-A1F9-9AEDDF404913}"
EndProject
Project("{2150E333-8FDC-42A3-9474-1A3956D46DE8}") = "Application", "Application", "{519FA1E7-5640-4782-9F26-C2C5D6F72128}"
EndProject
Project("{2150E333-8FDC-42A3-9474-1A3956D46DE8}") = "Infrastructure", "Infrastructure", "{97E97B00-CCC6-474D-8C71-B7653EF446F7}"
EndProject
Project("{2150E333-8FDC-42A3-9474-1A3956D46DE8}") = "UI", "UI", "{AEFAFB5E-83E6-4591-8E02-CB85962DFF0B}"
EndProject
Project("{9A19103F-16F7-4668-BE54-9A1E7A4F7556}") = "MyDocU.Client", "src\UI\MyDocU.Client\MyDocU.Client.csproj", "{B0B79B76-7225-4F57-A9F5-2757799EE58C}"
EndProject
Project("{2150E333-8FDC-42A3-9474-1A3956D46DE8}") = "Solution Items", "Solution Items", "{D4CEC1CF-0411-49C5-AB2C-40BAFB5BC459}"
	ProjectSection(SolutionItems) = preProject
		.editorconfig = .editorconfig
		.runsettings = .runsettings
		azure-pipelines.yml = azure-pipelines.yml
		Directory.Build.props = Directory.Build.props
		NuGet.config = NuGet.config
		README.md = README.md
	EndProjectSection
EndProject
Project("{9A19103F-16F7-4668-BE54-9A1E7A4F7556}") = "MyDocU.Domain", "MyDocU.Domain\MyDocU.Domain.csproj", "{DAF64EEA-7972-4BF0-879F-5AD5B0D11BE2}"
EndProject
Project("{9A19103F-16F7-4668-BE54-9A1E7A4F7556}") = "MyDocU.Application", "MyDocUApplication\MyDocU.Application.csproj", "{70531E9E-4810-4637-A3F3-ADA0DD52B2F1}"
EndProject
Project("{9A19103F-16F7-4668-BE54-9A1E7A4F7556}") = "MyDocU.Infrastructure", "MyDocU.Infrastructure\MyDocU.Infrastructure.csproj", "{7F0EEB42-DA7E-4B7E-ABB5-5274FF77B788}"
EndProject
Project("{2150E333-8FDC-42A3-9474-1A3956D46DE8}") = "Prism", "Prism", "{24C1CCA4-9651-4FD0-A71D-DEB1B06C7F5B}"
EndProject
Project("{2150E333-8FDC-42A3-9474-1A3956D46DE8}") = "src", "src", "{0C1E10D1-E78A-47C4-8AE8-293E59D4F1E0}"
EndProject
Project("{9A19103F-16F7-4668-BE54-9A1E7A4F7556}") = "Prism.DryIoc.Maui", "Prism\src\Prism.DryIoc.Maui\Prism.DryIoc.Maui.csproj", "{A454F3EB-E2ED-4209-B25A-A84A333EE9B2}"
EndProject
Project("{D954291E-2A0B-460D-934E-DC6B0785DB48}") = "Prism.DryIoc.Shared", "Prism\src\Prism.DryIoc.Shared\Prism.DryIoc.Shared.shproj", "{6E7EC81D-DA39-4C4F-A898-0148558C34F4}"
EndProject
Project("{9A19103F-16F7-4668-BE54-9A1E7A4F7556}") = "Prism.Maui", "Prism\src\Prism.Maui\Prism.Maui.csproj", "{EAE5CE44-B3C9-4636-8B24-D21D2E7AEFF5}"
EndProject
Project("{9A19103F-16F7-4668-BE54-9A1E7A4F7556}") = "Prism.Maui.Rx", "Prism\src\Prism.Maui.Rx\Prism.Maui.Rx.csproj", "{B7F03403-94E8-4167-B039-DEF927CBACDF}"
EndProject
Global
	GlobalSection(SolutionConfigurationPlatforms) = preSolution
		Debug|Any CPU = Debug|Any CPU
		Release|Any CPU = Release|Any CPU
	EndGlobalSection
	GlobalSection(ProjectConfigurationPlatforms) = postSolution
		{B0B79B76-7225-4F57-A9F5-2757799EE58C}.Debug|Any CPU.ActiveCfg = Debug|Any CPU
		{B0B79B76-7225-4F57-A9F5-2757799EE58C}.Debug|Any CPU.Build.0 = Debug|Any CPU
		{B0B79B76-7225-4F57-A9F5-2757799EE58C}.Debug|Any CPU.Deploy.0 = Debug|Any CPU
		{B0B79B76-7225-4F57-A9F5-2757799EE58C}.Release|Any CPU.ActiveCfg = Release|Any CPU
		{B0B79B76-7225-4F57-A9F5-2757799EE58C}.Release|Any CPU.Build.0 = Release|Any CPU
		{DAF64EEA-7972-4BF0-879F-5AD5B0D11BE2}.Debug|Any CPU.ActiveCfg = Debug|Any CPU
		{DAF64EEA-7972-4BF0-879F-5AD5B0D11BE2}.Debug|Any CPU.Build.0 = Debug|Any CPU
		{DAF64EEA-7972-4BF0-879F-5AD5B0D11BE2}.Release|Any CPU.ActiveCfg = Release|Any CPU
		{DAF64EEA-7972-4BF0-879F-5AD5B0D11BE2}.Release|Any CPU.Build.0 = Release|Any CPU
		{70531E9E-4810-4637-A3F3-ADA0DD52B2F1}.Debug|Any CPU.ActiveCfg = Debug|Any CPU
		{70531E9E-4810-4637-A3F3-ADA0DD52B2F1}.Debug|Any CPU.Build.0 = Debug|Any CPU
		{70531E9E-4810-4637-A3F3-ADA0DD52B2F1}.Release|Any CPU.ActiveCfg = Release|Any CPU
		{70531E9E-4810-4637-A3F3-ADA0DD52B2F1}.Release|Any CPU.Build.0 = Release|Any CPU
		{7F0EEB42-DA7E-4B7E-ABB5-5274FF77B788}.Debug|Any CPU.ActiveCfg = Debug|Any CPU
		{7F0EEB42-DA7E-4B7E-ABB5-5274FF77B788}.Debug|Any CPU.Build.0 = Debug|Any CPU
		{7F0EEB42-DA7E-4B7E-ABB5-5274FF77B788}.Release|Any CPU.ActiveCfg = Release|Any CPU
		{7F0EEB42-DA7E-4B7E-ABB5-5274FF77B788}.Release|Any CPU.Build.0 = Release|Any CPU
		{A454F3EB-E2ED-4209-B25A-A84A333EE9B2}.Debug|Any CPU.ActiveCfg = Debug|Any CPU
		{A454F3EB-E2ED-4209-B25A-A84A333EE9B2}.Debug|Any CPU.Build.0 = Debug|Any CPU
		{A454F3EB-E2ED-4209-B25A-A84A333EE9B2}.Release|Any CPU.ActiveCfg = Release|Any CPU
		{A454F3EB-E2ED-4209-B25A-A84A333EE9B2}.Release|Any CPU.Build.0 = Release|Any CPU
		{EAE5CE44-B3C9-4636-8B24-D21D2E7AEFF5}.Debug|Any CPU.ActiveCfg = Debug|Any CPU
		{EAE5CE44-B3C9-4636-8B24-D21D2E7AEFF5}.Debug|Any CPU.Build.0 = Debug|Any CPU
		{EAE5CE44-B3C9-4636-8B24-D21D2E7AEFF5}.Release|Any CPU.ActiveCfg = Release|Any CPU
		{EAE5CE44-B3C9-4636-8B24-D21D2E7AEFF5}.Release|Any CPU.Build.0 = Release|Any CPU
		{B7F03403-94E8-4167-B039-DEF927CBACDF}.Debug|Any CPU.ActiveCfg = Debug|Any CPU
		{B7F03403-94E8-4167-B039-DEF927CBACDF}.Debug|Any CPU.Build.0 = Debug|Any CPU
		{B7F03403-94E8-4167-B039-DEF927CBACDF}.Release|Any CPU.ActiveCfg = Release|Any CPU
		{B7F03403-94E8-4167-B039-DEF927CBACDF}.Release|Any CPU.Build.0 = Release|Any CPU
	EndGlobalSection
	GlobalSection(SolutionProperties) = preSolution
		HideSolutionNode = FALSE
	EndGlobalSection
	GlobalSection(NestedProjects) = preSolution
		{A972EC01-DDB1-4817-A1F9-9AEDDF404913} = {8737E16E-E4BD-4BF0-9C89-9E206DDD46FD}
		{519FA1E7-5640-4782-9F26-C2C5D6F72128} = {8737E16E-E4BD-4BF0-9C89-9E206DDD46FD}
		{97E97B00-CCC6-474D-8C71-B7653EF446F7} = {8737E16E-E4BD-4BF0-9C89-9E206DDD46FD}
		{AEFAFB5E-83E6-4591-8E02-CB85962DFF0B} = {8737E16E-E4BD-4BF0-9C89-9E206DDD46FD}
		{B0B79B76-7225-4F57-A9F5-2757799EE58C} = {AEFAFB5E-83E6-4591-8E02-CB85962DFF0B}
		{DAF64EEA-7972-4BF0-879F-5AD5B0D11BE2} = {A972EC01-DDB1-4817-A1F9-9AEDDF404913}
		{70531E9E-4810-4637-A3F3-ADA0DD52B2F1} = {519FA1E7-5640-4782-9F26-C2C5D6F72128}
		{7F0EEB42-DA7E-4B7E-ABB5-5274FF77B788} = {97E97B00-CCC6-474D-8C71-B7653EF446F7}
		{0C1E10D1-E78A-47C4-8AE8-293E59D4F1E0} = {24C1CCA4-9651-4FD0-A71D-DEB1B06C7F5B}
		{A454F3EB-E2ED-4209-B25A-A84A333EE9B2} = {0C1E10D1-E78A-47C4-8AE8-293E59D4F1E0}
		{6E7EC81D-DA39-4C4F-A898-0148558C34F4} = {0C1E10D1-E78A-47C4-8AE8-293E59D4F1E0}
		{EAE5CE44-B3C9-4636-8B24-D21D2E7AEFF5} = {0C1E10D1-E78A-47C4-8AE8-293E59D4F1E0}
		{B7F03403-94E8-4167-B039-DEF927CBACDF} = {0C1E10D1-E78A-47C4-8AE8-293E59D4F1E0}
	EndGlobalSection
	GlobalSection(ExtensibilityGlobals) = postSolution
		SolutionGuid = {A2E58120-4D6C-49D8-B8BC-C0FBEA681CA8}
	EndGlobalSection
	GlobalSection(SharedMSBuildProjectFiles) = preSolution
		Prism\src\Prism.DryIoc.Shared\Prism.DryIoc.Shared.projitems*{6e7ec81d-da39-4c4f-a898-0148558c34f4}*SharedItemsImports = 13
		Prism\src\Prism.DryIoc.Shared\Prism.DryIoc.Shared.projitems*{a454f3eb-e2ed-4209-b25a-a84a333ee9b2}*SharedItemsImports = 5
	EndGlobalSection
EndGlobal
